// !$*UTF8*$!
{
	archiveVersion = 1;
	classes = {
	};
	objectVersion = 56;
	objects = {

/* Begin PBXBuildFile section */
		B0FD1D4B2C47AD59009C992D /* PinterestGridAnimationApp.swift in Sources */ = {isa = PBXBuildFile; fileRef = B0FD1D4A2C47AD59009C992D /* PinterestGridAnimationApp.swift */; };
		B0FD1D4D2C47AD59009C992D /* ContentView.swift in Sources */ = {isa = PBXBuildFile; fileRef = B0FD1D4C2C47AD59009C992D /* ContentView.swift */; };
		B0FD1D512C47AD5B009C992D /* Assets.xcassets in Resources */ = {isa = PBXBuildFile; fileRef = B0FD1D502C47AD5B009C992D /* Assets.xcassets */; };
		B0FD1D542C47AD5B009C992D /* Preview Assets.xcassets in Resources */ = {isa = PBXBuildFile; fileRef = B0FD1D532C47AD5B009C992D /* Preview Assets.xcassets */; };
		B0FD1D5D2C47AF49009C992D /* Item.swift in Sources */ = {isa = PBXBuildFile; fileRef = B0FD1D5C2C47AF49009C992D /* Item.swift */; };
		B0FD1D5F2C47B00F009C992D /* Home.swift in Sources */ = {isa = PBXBuildFile; fileRef = B0FD1D5E2C47B00F009C992D /* Home.swift */; };
		B0FD1D612C47B610009C992D /* UICoordinator.swift in Sources */ = {isa = PBXBuildFile; fileRef = B0FD1D602C47B610009C992D /* UICoordinator.swift */; };
		B0FD1D642C47BA15009C992D /* View+Extension.swift in Sources */ = {isa = PBXBuildFile; fileRef = B0FD1D632C47BA15009C992D /* View+Extension.swift */; };
		B0FD1D662C47BCEB009C992D /* Detail.swift in Sources */ = {isa = PBXBuildFile; fileRef = B0FD1D652C47BCEB009C992D /* Detail.swift */; };
		B0FD1D682C47C720009C992D /* ImageView.swift in Sources */ = {isa = PBXBuildFile; fileRef = B0FD1D672C47C720009C992D /* ImageView.swift */; };
		B0FD1D6A2C47CB0C009C992D /* PinterestContent.swift in Sources */ = {isa = PBXBuildFile; fileRef = B0FD1D692C47CB0C009C992D /* PinterestContent.swift */; };
/* End PBXBuildFile section */

/* Begin PBXFileReference section */
		B0FD1D472C47AD59009C992D /* PinterestGridAnimation.app */ = {isa = PBXFileReference; explicitFileType = wrapper.application; includeInIndex = 0; path = PinterestGridAnimation.app; sourceTree = BUILT_PRODUCTS_DIR; };
		B0FD1D4A2C47AD59009C992D /* PinterestGridAnimationApp.swift */ = {isa = PBXFileReference; lastKnownFileType = sourcecode.swift; path = PinterestGridAnimationApp.swift; sourceTree = "<group>"; };
		B0FD1D4C2C47AD59009C992D /* ContentView.swift */ = {isa = PBXFileReference; lastKnownFileType = sourcecode.swift; path = ContentView.swift; sourceTree = "<group>"; };
		B0FD1D502C47AD5B009C992D /* Assets.xcassets */ = {isa = PBXFileReference; lastKnownFileType = folder.assetcatalog; path = Assets.xcassets; sourceTree = "<group>"; };
		B0FD1D532C47AD5B009C992D /* Preview Assets.xcassets */ = {isa = PBXFileReference; lastKnownFileType = folder.assetcatalog; path = "Preview Assets.xcassets"; sourceTree = "<group>"; };
		B0FD1D5C2C47AF49009C992D /* Item.swift */ = {isa = PBXFileReference; lastKnownFileType = sourcecode.swift; path = Item.swift; sourceTree = "<group>"; };
		B0FD1D5E2C47B00F009C992D /* Home.swift */ = {isa = PBXFileReference; lastKnownFileType = sourcecode.swift; path = Home.swift; sourceTree = "<group>"; };
		B0FD1D602C47B610009C992D /* UICoordinator.swift */ = {isa = PBXFileReference; lastKnownFileType = sourcecode.swift; path = UICoordinator.swift; sourceTree = "<group>"; };
		B0FD1D632C47BA15009C992D /* View+Extension.swift */ = {isa = PBXFileReference; lastKnownFileType = sourcecode.swift; path = "View+Extension.swift"; sourceTree = "<group>"; };
		B0FD1D652C47BCEB009C992D /* Detail.swift */ = {isa = PBXFileReference; lastKnownFileType = sourcecode.swift; path = Detail.swift; sourceTree = "<group>"; };
		B0FD1D672C47C720009C992D /* ImageView.swift */ = {isa = PBXFileReference; lastKnownFileType = sourcecode.swift; path = ImageView.swift; sourceTree = "<group>"; };
		B0FD1D692C47CB0C009C992D /* PinterestContent.swift */ = {isa = PBXFileReference; lastKnownFileType = sourcecode.swift; path = PinterestContent.swift; sourceTree = "<group>"; };
/* End PBXFileReference section */

/* Begin PBXFrameworksBuildPhase section */
		B0FD1D442C47AD59009C992D /* Frameworks */ = {
			isa = PBXFrameworksBuildPhase;
			buildActionMask = 2147483647;
			files = (
			);
			runOnlyForDeploymentPostprocessing = 0;
		};
/* End PBXFrameworksBuildPhase section */

/* Begin PBXGroup section */
		B0FD1D3E2C47AD59009C992D = {
			isa = PBXGroup;
			children = (
				B0FD1D492C47AD59009C992D /* PinterestGridAnimation */,
				B0FD1D482C47AD59009C992D /* Products */,
			);
			sourceTree = "<group>";
		};
		B0FD1D482C47AD59009C992D /* Products */ = {
			isa = PBXGroup;
			children = (
				B0FD1D472C47AD59009C992D /* PinterestGridAnimation.app */,
			);
			name = Products;
			sourceTree = "<group>";
		};
		B0FD1D492C47AD59009C992D /* PinterestGridAnimation */ = {
			isa = PBXGroup;
			children = (
				B0FD1D622C47BA05009C992D /* Extension */,
				B0FD1D5B2C47AEBD009C992D /* View */,
				B0FD1D5A2C47AEB8009C992D /* Model */,
				B0FD1D4C2C47AD59009C992D /* ContentView.swift */,
				B0FD1D4A2C47AD59009C992D /* PinterestGridAnimationApp.swift */,
				B0FD1D502C47AD5B009C992D /* Assets.xcassets */,
				B0FD1D522C47AD5B009C992D /* Preview Content */,
			);
			path = PinterestGridAnimation;
			sourceTree = "<group>";
		};
		B0FD1D522C47AD5B009C992D /* Preview Content */ = {
			isa = PBXGroup;
			children = (
				B0FD1D532C47AD5B009C992D /* Preview Assets.xcassets */,
			);
			path = "Preview Content";
			sourceTree = "<group>";
		};
		B0FD1D5A2C47AEB8009C992D /* Model */ = {
			isa = PBXGroup;
			children = (
				B0FD1D5C2C47AF49009C992D /* Item.swift */,
				B0FD1D602C47B610009C992D /* UICoordinator.swift */,
			);
			path = Model;
			sourceTree = "<group>";
		};
		B0FD1D5B2C47AEBD009C992D /* View */ = {
			isa = PBXGroup;
			children = (
				B0FD1D5E2C47B00F009C992D /* Home.swift */,
				B0FD1D652C47BCEB009C992D /* Detail.swift */,
				B0FD1D672C47C720009C992D /* ImageView.swift */,
				B0FD1D692C47CB0C009C992D /* PinterestContent.swift */,
			);
			path = View;
			sourceTree = "<group>";
		};
		B0FD1D622C47BA05009C992D /* Extension */ = {
			isa = PBXGroup;
			children = (
				B0FD1D632C47BA15009C992D /* View+Extension.swift */,
			);
			path = Extension;
			sourceTree = "<group>";
		};
/* End PBXGroup section */

/* Begin PBXNativeTarget section */
		B0FD1D462C47AD59009C992D /* PinterestGridAnimation */ = {
			isa = PBXNativeTarget;
			buildConfigurationList = B0FD1D572C47AD5B009C992D /* Build configuration list for PBXNativeTarget "PinterestGridAnimation" */;
			buildPhases = (
				B0FD1D432C47AD59009C992D /* Sources */,
				B0FD1D442C47AD59009C992D /* Frameworks */,
				B0FD1D452C47AD59009C992D /* Resources */,
			);
			buildRules = (
			);
			dependencies = (
			);
			name = PinterestGridAnimation;
			productName = PinterestGridAnimation;
			productReference = B0FD1D472C47AD59009C992D /* PinterestGridAnimation.app */;
			productType = "com.apple.product-type.application";
		};
/* End PBXNativeTarget section */

/* Begin PBXProject section */
		B0FD1D3F2C47AD59009C992D /* Project object */ = {
			isa = PBXProject;
			attributes = {
				BuildIndependentTargetsInParallel = 1;
				LastSwiftUpdateCheck = 1500;
				LastUpgradeCheck = 1500;
				TargetAttributes = {
					B0FD1D462C47AD59009C992D = {
						CreatedOnToolsVersion = 15.0.1;
					};
				};
			};
			buildConfigurationList = B0FD1D422C47AD59009C992D /* Build configuration list for PBXProject "PinterestGridAnimation" */;
			compatibilityVersion = "Xcode 14.0";
			developmentRegion = en;
			hasScannedForEncodings = 0;
			knownRegions = (
				en,
				Base,
			);
			mainGroup = B0FD1D3E2C47AD59009C992D;
			productRefGroup = B0FD1D482C47AD59009C992D /* Products */;
			projectDirPath = "";
			projectRoot = "";
			targets = (
				B0FD1D462C47AD59009C992D /* PinterestGridAnimation */,
			);
		};
/* End PBXProject section */

/* Begin PBXResourcesBuildPhase section */
		B0FD1D452C47AD59009C992D /* Resources */ = {
			isa = PBXResourcesBuildPhase;
			buildActionMask = 2147483647;
			files = (
				B0FD1D542C47AD5B009C992D /* Preview Assets.xcassets in Resources */,
				B0FD1D512C47AD5B009C992D /* Assets.xcassets in Resources */,
			);
			runOnlyForDeploymentPostprocessing = 0;
		};
/* End PBXResourcesBuildPhase section */

/* Begin PBXSourcesBuildPhase section */
		B0FD1D432C47AD59009C992D /* Sources */ = {
			isa = PBXSourcesBuildPhase;
			buildActionMask = 2147483647;
			files = (
				B0FD1D682C47C720009C992D /* ImageView.swift in Sources */,
				B0FD1D4D2C47AD59009C992D /* ContentView.swift in Sources */,
				B0FD1D6A2C47CB0C009C992D /* PinterestContent.swift in Sources */,
				B0FD1D662C47BCEB009C992D /* Detail.swift in Sources */,
				B0FD1D5D2C47AF49009C992D /* Item.swift in Sources */,
				B0FD1D5F2C47B00F009C992D /* Home.swift in Sources */,
				B0FD1D4B2C47AD59009C992D /* PinterestGridAnimationApp.swift in Sources */,
				B0FD1D642C47BA15009C992D /* View+Extension.swift in Sources */,
				B0FD1D612C47B610009C992D /* UICoordinator.swift in Sources */,
			);
			runOnlyForDeploymentPostprocessing = 0;
		};
/* End PBXSourcesBuildPhase section */

/* Begin XCBuildConfiguration section */
		B0FD1D552C47AD5B009C992D /* Debug */ = {
			isa = XCBuildConfiguration;
			buildSettings = {
				ALWAYS_SEARCH_USER_PATHS = NO;
				ASSETCATALOG_COMPILER_GENERATE_SWIFT_ASSET_SYMBOL_EXTENSIONS = YES;
				CLANG_ANALYZER_NONNULL = YES;
				CLANG_ANALYZER_NUMBER_OBJECT_CONVERSION = YES_AGGRESSIVE;
				CLANG_CXX_LANGUAGE_STANDARD = "gnu++20";
				CLANG_ENABLE_MODULES = YES;
				CLANG_ENABLE_OBJC_ARC = YES;
				CLANG_ENABLE_OBJC_WEAK = YES;
				CLANG_WARN_BLOCK_CAPTURE_AUTORELEASING = YES;
				CLANG_WARN_BOOL_CONVERSION = YES;
				CLANG_WARN_COMMA = YES;
				CLANG_WARN_CONSTANT_CONVERSION = YES;
				CLANG_WARN_DEPRECATED_OBJC_IMPLEMENTATIONS = YES;
				CLANG_WARN_DIRECT_OBJC_ISA_USAGE = YES_ERROR;
				CLANG_WARN_DOCUMENTATION_COMMENTS = YES;
				CLANG_WARN_EMPTY_BODY = YES;
				CLANG_WARN_ENUM_CONVERSION = YES;
				CLANG_WARN_INFINITE_RECURSION = YES;
				CLANG_WARN_INT_CONVERSION = YES;
				CLANG_WARN_NON_LITERAL_NULL_CONVERSION = YES;
				CLANG_WARN_OBJC_IMPLICIT_RETAIN_SELF = YES;
				CLANG_WARN_OBJC_LITERAL_CONVERSION = YES;
				CLANG_WARN_OBJC_ROOT_CLASS = YES_ERROR;
				CLANG_WARN_QUOTED_INCLUDE_IN_FRAMEWORK_HEADER = YES;
				CLANG_WARN_RANGE_LOOP_ANALYSIS = YES;
				CLANG_WARN_STRICT_PROTOTYPES = YES;
				CLANG_WARN_SUSPICIOUS_MOVE = YES;
				CLANG_WARN_UNGUARDED_AVAILABILITY = YES_AGGRESSIVE;
				CLANG_WARN_UNREACHABLE_CODE = YES;
				CLANG_WARN__DUPLICATE_METHOD_MATCH = YES;
				COPY_PHASE_STRIP = NO;
				DEBUG_INFORMATION_FORMAT = dwarf;
				ENABLE_STRICT_OBJC_MSGSEND = YES;
				ENABLE_TESTABILITY = YES;
				ENABLE_USER_SCRIPT_SANDBOXING = YES;
				GCC_C_LANGUAGE_STANDARD = gnu17;
				GCC_DYNAMIC_NO_PIC = NO;
				GCC_NO_COMMON_BLOCKS = YES;
				GCC_OPTIMIZATION_LEVEL = 0;
				GCC_PREPROCESSOR_DEFINITIONS = (
					"DEBUG=1",
					"$(inherited)",
				);
				GCC_WARN_64_TO_32_BIT_CONVERSION = YES;
				GCC_WARN_ABOUT_RETURN_TYPE = YES_ERROR;
				GCC_WARN_UNDECLARED_SELECTOR = YES;
				GCC_WARN_UNINITIALIZED_AUTOS = YES_AGGRESSIVE;
				GCC_WARN_UNUSED_FUNCTION = YES;
				GCC_WARN_UNUSED_VARIABLE = YES;
				IPHONEOS_DEPLOYMENT_TARGET = 17.0;
				LOCALIZATION_PREFERS_STRING_CATALOGS = YES;
				MTL_ENABLE_DEBUG_INFO = INCLUDE_SOURCE;
				MTL_FAST_MATH = YES;
				ONLY_ACTIVE_ARCH = YES;
				SDKROOT = iphoneos;
				SWIFT_ACTIVE_COMPILATION_CONDITIONS = "DEBUG $(inherited)";
				SWIFT_OPTIMIZATION_LEVEL = "-Onone";
			};
			name = Debug;
		};
		B0FD1D562C47AD5B009C992D /* Release */ = {
			isa = XCBuildConfiguration;
			buildSettings = {
				ALWAYS_SEARCH_USER_PATHS = NO;
				ASSETCATALOG_COMPILER_GENERATE_SWIFT_ASSET_SYMBOL_EXTENSIONS = YES;
				CLANG_ANALYZER_NONNULL = YES;
				CLANG_ANALYZER_NUMBER_OBJECT_CONVERSION = YES_AGGRESSIVE;
				CLANG_CXX_LANGUAGE_STANDARD = "gnu++20";
				CLANG_ENABLE_MODULES = YES;
				CLANG_ENABLE_OBJC_ARC = YES;
				CLANG_ENABLE_OBJC_WEAK = YES;
				CLANG_WARN_BLOCK_CAPTURE_AUTORELEASING = YES;
				CLANG_WARN_BOOL_CONVERSION = YES;
				CLANG_WARN_COMMA = YES;
				CLANG_WARN_CONSTANT_CONVERSION = YES;
				CLANG_WARN_DEPRECATED_OBJC_IMPLEMENTATIONS = YES;
				CLANG_WARN_DIRECT_OBJC_ISA_USAGE = YES_ERROR;
				CLANG_WARN_DOCUMENTATION_COMMENTS = YES;
				CLANG_WARN_EMPTY_BODY = YES;
				CLANG_WARN_ENUM_CONVERSION = YES;
				CLANG_WARN_INFINITE_RECURSION = YES;
				CLANG_WARN_INT_CONVERSION = YES;
				CLANG_WARN_NON_LITERAL_NULL_CONVERSION = YES;
				CLANG_WARN_OBJC_IMPLICIT_RETAIN_SELF = YES;
				CLANG_WARN_OBJC_LITERAL_CONVERSION = YES;
				CLANG_WARN_OBJC_ROOT_CLASS = YES_ERROR;
				CLANG_WARN_QUOTED_INCLUDE_IN_FRAMEWORK_HEADER = YES;
				CLANG_WARN_RANGE_LOOP_ANALYSIS = YES;
				CLANG_WARN_STRICT_PROTOTYPES = YES;
				CLANG_WARN_SUSPICIOUS_MOVE = YES;
				CLANG_WARN_UNGUARDED_AVAILABILITY = YES_AGGRESSIVE;
				CLANG_WARN_UNREACHABLE_CODE = YES;
				CLANG_WARN__DUPLICATE_METHOD_MATCH = YES;
				COPY_PHASE_STRIP = NO;
				DEBUG_INFORMATION_FORMAT = "dwarf-with-dsym";
				ENABLE_NS_ASSERTIONS = NO;
				ENABLE_STRICT_OBJC_MSGSEND = YES;
				ENABLE_USER_SCRIPT_SANDBOXING = YES;
				GCC_C_LANGUAGE_STANDARD = gnu17;
				GCC_NO_COMMON_BLOCKS = YES;
				GCC_WARN_64_TO_32_BIT_CONVERSION = YES;
				GCC_WARN_ABOUT_RETURN_TYPE = YES_ERROR;
				GCC_WARN_UNDECLARED_SELECTOR = YES;
				GCC_WARN_UNINITIALIZED_AUTOS = YES_AGGRESSIVE;
				GCC_WARN_UNUSED_FUNCTION = YES;
				GCC_WARN_UNUSED_VARIABLE = YES;
				IPHONEOS_DEPLOYMENT_TARGET = 17.0;
				LOCALIZATION_PREFERS_STRING_CATALOGS = YES;
				MTL_ENABLE_DEBUG_INFO = NO;
				MTL_FAST_MATH = YES;
				SDKROOT = iphoneos;
				SWIFT_COMPILATION_MODE = wholemodule;
				VALIDATE_PRODUCT = YES;
			};
			name = Release;
		};
		B0FD1D582C47AD5B009C992D /* Debug */ = {
			isa = XCBuildConfiguration;
			buildSettings = {
				ASSETCATALOG_COMPILER_APPICON_NAME = AppIcon;
				ASSETCATALOG_COMPILER_GLOBAL_ACCENT_COLOR_NAME = AccentColor;
				CODE_SIGN_STYLE = Automatic;
				CURRENT_PROJECT_VERSION = 1;
				DEVELOPMENT_ASSET_PATHS = "\"PinterestGridAnimation/Preview Content\"";
				ENABLE_PREVIEWS = YES;
				GENERATE_INFOPLIST_FILE = YES;
				INFOPLIST_KEY_UIApplicationSceneManifest_Generation = YES;
				INFOPLIST_KEY_UIApplicationSupportsIndirectInputEvents = YES;
				INFOPLIST_KEY_UILaunchScreen_Generation = YES;
				INFOPLIST_KEY_UISupportedInterfaceOrientations_iPad = "UIInterfaceOrientationPortrait UIInterfaceOrientationPortraitUpsideDown UIInterfaceOrientationLandscapeLeft UIInterfaceOrientationLandscapeRight";
				INFOPLIST_KEY_UISupportedInterfaceOrientations_iPhone = "UIInterfaceOrientationPortrait UIInterfaceOrientationLandscapeLeft UIInterfaceOrientationLandscapeRight";
				LD_RUNPATH_SEARCH_PATHS = (
					"$(inherited)",
					"@executable_path/Frameworks",
				);
				MARKETING_VERSION = 1.0;
				PRODUCT_BUNDLE_IDENTIFIER = jovins.com.PinterestGridAnimation;
				PRODUCT_NAME = "$(TARGET_NAME)";
				SWIFT_EMIT_LOC_STRINGS = YES;
				SWIFT_VERSION = 5.0;
				TARGETED_DEVICE_FAMILY = "1,2";
			};
			name = Debug;
		};
		B0FD1D592C47AD5B009C992D /* Release */ = {
			isa = XCBuildConfiguration;
			buildSettings = {
				ASSETCATALOG_COMPILER_APPICON_NAME = AppIcon;
				ASSETCATALOG_COMPILER_GLOBAL_ACCENT_COLOR_NAME = AccentColor;
				CODE_SIGN_STYLE = Automatic;
				CURRENT_PROJECT_VERSION = 1;
				DEVELOPMENT_ASSET_PATHS = "\"PinterestGridAnimation/Preview Content\"";
				ENABLE_PREVIEWS = YES;
				GENERATE_INFOPLIST_FILE = YES;
				INFOPLIST_KEY_UIApplicationSceneManifest_Generation = YES;
				INFOPLIST_KEY_UIApplicationSupportsIndirectInputEvents = YES;
				INFOPLIST_KEY_UILaunchScreen_Generation = YES;
				INFOPLIST_KEY_UISupportedInterfaceOrientations_iPad = "UIInterfaceOrientationPortrait UIInterfaceOrientationPortraitUpsideDown UIInterfaceOrientationLandscapeLeft UIInterfaceOrientationLandscapeRight";
				INFOPLIST_KEY_UISupportedInterfaceOrientations_iPhone = "UIInterfaceOrientationPortrait UIInterfaceOrientationLandscapeLeft UIInterfaceOrientationLandscapeRight";
				LD_RUNPATH_SEARCH_PATHS = (
					"$(inherited)",
					"@executable_path/Frameworks",
				);
				MARKETING_VERSION = 1.0;
				PRODUCT_BUNDLE_IDENTIFIER = jovins.com.PinterestGridAnimation;
				PRODUCT_NAME = "$(TARGET_NAME)";
				SWIFT_EMIT_LOC_STRINGS = YES;
				SWIFT_VERSION = 5.0;
				TARGETED_DEVICE_FAMILY = "1,2";
			};
			name = Release;
		};
/* End XCBuildConfiguration section */

/* Begin XCConfigurationList section */
		B0FD1D422C47AD59009C992D /* Build configuration list for PBXProject "PinterestGridAnimation" */ = {
			isa = XCConfigurationList;
			buildConfigurations = (
				B0FD1D552C47AD5B009C992D /* Debug */,
				B0FD1D562C47AD5B009C992D /* Release */,
			);
			defaultConfigurationIsVisible = 0;
			defaultConfigurationName = Release;
		};
		B0FD1D572C47AD5B009C992D /* Build configuration list for PBXNativeTarget "PinterestGridAnimation" */ = {
			isa = XCConfigurationList;
			buildConfigurations = (
				B0FD1D582C47AD5B009C992D /* Debug */,
				B0FD1D592C47AD5B009C992D /* Release */,
			);
			defaultConfigurationIsVisible = 0;
			defaultConfigurationName = Release;
		};
/* End XCConfigurationList section */
	};
	rootObject = B0FD1D3F2C47AD59009C992D /* Project object */;
}
